
Microsoft Visual Studio Solution File, Format Version 12.00
# Visual Studio Version 16
VisualStudioVersion = 16.0.30330.147
MinimumVisualStudioVersion = 10.0.40219.1
Project("{9A19103F-16F7-4668-BE54-9A1E7A4F7556}") = "gRPC-Desktop", "gRPC-Desktop\gRPC-Desktop.csproj", "{BCA5E518-8A7E-43A1-9675-461A65F54984}"
EndProject
Project("{9A19103F-16F7-4668-BE54-9A1E7A4F7556}") = "CustomersService", "CustomersService\CustomersService.csproj", "{5E9CCDF4-6E71-49A9-846E-E58670E50127}"
EndProject
Project("{9A19103F-16F7-4668-BE54-9A1E7A4F7556}") = "CustomersServiceLibrary", "CustomersServiceLibrary\CustomersServiceLibrary.csproj", "{245D6501-4A5D-46CD-8838-73808E75B481}"
EndProject
Global
	GlobalSection(SolutionConfigurationPlatforms) = preSolution
		Debug|Any CPU = Debug|Any CPU
		Debug|ARM = Debug|ARM
		Debug|ARM64 = Debug|ARM64
		Debug|x64 = Debug|x64
		Debug|x86 = Debug|x86
		Release|Any CPU = Release|Any CPU
		Release|ARM = Release|ARM
		Release|ARM64 = Release|ARM64
		Release|x64 = Release|x64
		Release|x86 = Release|x86
	EndGlobalSection
	GlobalSection(ProjectConfigurationPlatforms) = postSolution
		{BCA5E518-8A7E-43A1-9675-461A65F54984}.Debug|Any CPU.ActiveCfg = Debug|Any CPU
		{BCA5E518-8A7E-43A1-9675-461A65F54984}.Debug|Any CPU.Build.0 = Debug|Any CPU
		{BCA5E518-8A7E-43A1-9675-461A65F54984}.Debug|ARM.ActiveCfg = Debug|Any CPU
		{BCA5E518-8A7E-43A1-9675-461A65F54984}.Debug|ARM.Build.0 = Debug|Any CPU
		{BCA5E518-8A7E-43A1-9675-461A65F54984}.Debug|ARM64.ActiveCfg = Debug|Any CPU
		{BCA5E518-8A7E-43A1-9675-461A65F54984}.Debug|ARM64.Build.0 = Debug|Any CPU
		{BCA5E518-8A7E-43A1-9675-461A65F54984}.Debug|x64.ActiveCfg = Debug|Any CPU
		{BCA5E518-8A7E-43A1-9675-461A65F54984}.Debug|x64.Build.0 = Debug|Any CPU
		{BCA5E518-8A7E-43A1-9675-461A65F54984}.Debug|x86.ActiveCfg = Debug|Any CPU
		{BCA5E518-8A7E-43A1-9675-461A65F54984}.Debug|x86.Build.0 = Debug|Any CPU
		{BCA5E518-8A7E-43A1-9675-461A65F54984}.Release|Any CPU.ActiveCfg = Release|Any CPU
		{BCA5E518-8A7E-43A1-9675-461A65F54984}.Release|Any CPU.Build.0 = Release|Any CPU
		{BCA5E518-8A7E-43A1-9675-461A65F54984}.Release|ARM.ActiveCfg = Release|Any CPU
		{BCA5E518-8A7E-43A1-9675-461A65F54984}.Release|ARM.Build.0 = Release|Any CPU
		{BCA5E518-8A7E-43A1-9675-461A65F54984}.Release|ARM64.ActiveCfg = Release|Any CPU
		{BCA5E518-8A7E-43A1-9675-461A65F54984}.Release|ARM64.Build.0 = Release|Any CPU
		{BCA5E518-8A7E-43A1-9675-461A65F54984}.Release|x64.ActiveCfg = Release|Any CPU
		{BCA5E518-8A7E-43A1-9675-461A65F54984}.Release|x64.Build.0 = Release|Any CPU
		{BCA5E518-8A7E-43A1-9675-461A65F54984}.Release|x86.ActiveCfg = Release|Any CPU
		{BCA5E518-8A7E-43A1-9675-461A65F54984}.Release|x86.Build.0 = Release|Any CPU
		{5E9CCDF4-6E71-49A9-846E-E58670E50127}.Debug|Any CPU.ActiveCfg = Debug|Any CPU
		{5E9CCDF4-6E71-49A9-846E-E58670E50127}.Debug|Any CPU.Build.0 = Debug|Any CPU
		{5E9CCDF4-6E71-49A9-846E-E58670E50127}.Debug|ARM.ActiveCfg = Debug|Any CPU
		{5E9CCDF4-6E71-49A9-846E-E58670E50127}.Debug|ARM.Build.0 = Debug|Any CPU
		{5E9CCDF4-6E71-49A9-846E-E58670E50127}.Debug|ARM64.ActiveCfg = Debug|Any CPU
		{5E9CCDF4-6E71-49A9-846E-E58670E50127}.Debug|ARM64.Build.0 = Debug|Any CPU
		{5E9CCDF4-6E71-49A9-846E-E58670E50127}.Debug|x64.ActiveCfg = Debug|Any CPU
		{5E9CCDF4-6E71-49A9-846E-E58670E50127}.Debug|x64.Build.0 = Debug|Any CPU
		{5E9CCDF4-6E71-49A9-846E-E58670E50127}.Debug|x86.ActiveCfg = Debug|Any CPU
		{5E9CCDF4-6E71-49A9-846E-E58670E50127}.Debug|x86.Build.0 = Debug|Any CPU
		{5E9CCDF4-6E71-49A9-846E-E58670E50127}.Release|Any CPU.ActiveCfg = Release|Any CPU
		{5E9CCDF4-6E71-49A9-846E-E58670E50127}.Release|Any CPU.Build.0 = Release|Any CPU
		{5E9CCDF4-6E71-49A9-846E-E58670E50127}.Release|ARM.ActiveCfg = Release|Any CPU
		{5E9CCDF4-6E71-49A9-846E-E58670E50127}.Release|ARM.Build.0 = Release|Any CPU
		{5E9CCDF4-6E71-49A9-846E-E58670E50127}.Release|ARM64.ActiveCfg = Release|Any CPU
		{5E9CCDF4-6E71-49A9-846E-E58670E50127}.Release|ARM64.Build.0 = Release|Any CPU
		{5E9CCDF4-6E71-49A9-846E-E58670E50127}.Release|x64.ActiveCfg = Release|Any CPU
		{5E9CCDF4-6E71-49A9-846E-E58670E50127}.Release|x64.Build.0 = Release|Any CPU
		{5E9CCDF4-6E71-49A9-846E-E58670E50127}.Release|x86.ActiveCfg = Release|Any CPU
		{5E9CCDF4-6E71-49A9-846E-E58670E50127}.Release|x86.Build.0 = Release|Any CPU
		{245D6501-4A5D-46CD-8838-73808E75B481}.Debug|Any CPU.ActiveCfg = Debug|Any CPU
		{245D6501-4A5D-46CD-8838-73808E75B481}.Debug|Any CPU.Build.0 = Debug|Any CPU
		{245D6501-4A5D-46CD-8838-73808E75B481}.Debug|ARM.ActiveCfg = Debug|Any CPU
		{245D6501-4A5D-46CD-8838-73808E75B481}.Debug|ARM.Build.0 = Debug|Any CPU
		{245D6501-4A5D-46CD-8838-73808E75B481}.Debug|ARM64.ActiveCfg = Debug|Any CPU
		{245D6501-4A5D-46CD-8838-73808E75B481}.Debug|ARM64.Build.0 = Debug|Any CPU
		{245D6501-4A5D-46CD-8838-73808E75B481}.Debug|x64.ActiveCfg = Debug|Any CPU
		{245D6501-4A5D-46CD-8838-73808E75B481}.Debug|x64.Build.0 = Debug|Any CPU
		{245D6501-4A5D-46CD-8838-73808E75B481}.Debug|x86.ActiveCfg = Debug|Any CPU
		{245D6501-4A5D-46CD-8838-73808E75B481}.Debug|x86.Build.0 = Debug|Any CPU
		{245D6501-4A5D-46CD-8838-73808E75B481}.Release|Any CPU.ActiveCfg = Release|Any CPU
		{245D6501-4A5D-46CD-8838-73808E75B481}.Release|Any CPU.Build.0 = Release|Any CPU
		{245D6501-4A5D-46CD-8838-73808E75B481}.Release|ARM.ActiveCfg = Release|Any CPU
		{245D6501-4A5D-46CD-8838-73808E75B481}.Release|ARM.Build.0 = Release|Any CPU
		{245D6501-4A5D-46CD-8838-73808E75B481}.Release|ARM64.ActiveCfg = Release|Any CPU
		{245D6501-4A5D-46CD-8838-73808E75B481}.Release|ARM64.Build.0 = Release|Any CPU
		{245D6501-4A5D-46CD-8838-73808E75B481}.Release|x64.ActiveCfg = Release|Any CPU
		{245D6501-4A5D-46CD-8838-73808E75B481}.Release|x64.Build.0 = Release|Any CPU
		{245D6501-4A5D-46CD-8838-73808E75B481}.Release|x86.ActiveCfg = Release|Any CPU
		{245D6501-4A5D-46CD-8838-73808E75B481}.Release|x86.Build.0 = Release|Any CPU
	EndGlobalSection
	GlobalSection(SolutionProperties) = preSolution
		HideSolutionNode = FALSE
	EndGlobalSection
	GlobalSection(ExtensibilityGlobals) = postSolution
		SolutionGuid = {2CEF808F-221F-4AD5-821B-48296F2F49DD}
	EndGlobalSection
EndGlobal
